// !$*UTF8*$!
{
	archiveVersion = 1;
	classes = {
	};
	objectVersion = 46;
	objects = {

/* Begin PBXBuildFile section */
		505B883B1C0CA95500F0F806 /* input.txt in CopyFiles */ = {isa = PBXBuildFile; fileRef = 505B883A1C0CA94000F0F806 /* input.txt */; };
		50C6E3451C0AF7C900333F1C /* main.cpp in Sources */ = {isa = PBXBuildFile; fileRef = 50C6E3441C0AF7C900333F1C /* main.cpp */; };
		50C6E34F1C0AF9E600333F1C /* README.md in Sources */ = {isa = PBXBuildFile; fileRef = 50C6E34E1C0AF9E600333F1C /* README.md */; };
/* End PBXBuildFile section */

/* Begin PBXCopyFilesBuildPhase section */
		50C6E33F1C0AF7C900333F1C /* CopyFiles */ = {
			isa = PBXCopyFilesBuildPhase;
			buildActionMask = 12;
			dstPath = "";
			dstSubfolderSpec = 7;
			files = (
				505B883B1C0CA95500F0F806 /* input.txt in CopyFiles */,
			);
			runOnlyForDeploymentPostprocessing = 0;
		};
/* End PBXCopyFilesBuildPhase section */

/* Begin PBXFileReference section */
		505B883A1C0CA94000F0F806 /* input.txt */ = {isa = PBXFileReference; fileEncoding = 4; lastKnownFileType = text; path = input.txt; sourceTree = "<group>"; };
		50C6E3411C0AF7C900333F1C /* Karkkainen-Sanders */ = {isa = PBXFileReference; explicitFileType = "compiled.mach-o.executable"; includeInIndex = 0; path = "Karkkainen-Sanders"; sourceTree = BUILT_PRODUCTS_DIR; };
		50C6E3441C0AF7C900333F1C /* main.cpp */ = {isa = PBXFileReference; lastKnownFileType = sourcecode.cpp.cpp; path = main.cpp; sourceTree = "<group>"; };
		50C6E34C1C0AF84800333F1C /* KarkkainenSanders.hpp */ = {isa = PBXFileReference; fileEncoding = 4; lastKnownFileType = sourcecode.cpp.h; path = KarkkainenSanders.hpp; sourceTree = "<group>"; };
		50C6E34E1C0AF9E600333F1C /* README.md */ = {isa = PBXFileReference; fileEncoding = 4; lastKnownFileType = net.daringfireball.markdown; path = README.md; sourceTree = "<group>"; };
/* End PBXFileReference section */

/* Begin PBXFrameworksBuildPhase section */
		50C6E33E1C0AF7C900333F1C /* Frameworks */ = {
			isa = PBXFrameworksBuildPhase;
			buildActionMask = 2147483647;
			files = (
			);
			runOnlyForDeploymentPostprocessing = 0;
		};
/* End PBXFrameworksBuildPhase section */

/* Begin PBXGroup section */
		50C6E3381C0AF7C900333F1C = {
			isa = PBXGroup;
			children = (
				505B883A1C0CA94000F0F806 /* input.txt */,
				50C6E34C1C0AF84800333F1C /* KarkkainenSanders.hpp */,
				50C6E34E1C0AF9E600333F1C /* README.md */,
				50C6E3431C0AF7C900333F1C /* Karkkainen-Sanders */,
				50C6E3421C0AF7C900333F1C /* Products */,
			);
			sourceTree = "<group>";
		};
		50C6E3421C0AF7C900333F1C /* Products */ = {
			isa = PBXGroup;
			children = (
				50C6E3411C0AF7C900333F1C /* Karkkainen-Sanders */,
			);
			name = Products;
			sourceTree = "<group>";
		};
		50C6E3431C0AF7C900333F1C /* Karkkainen-Sanders */ = {
			isa = PBXGroup;
			children = (
				50C6E3441C0AF7C900333F1C /* main.cpp */,
			);
			path = "Karkkainen-Sanders";
			sourceTree = "<group>";
		};
/* End PBXGroup section */

/* Begin PBXNativeTarget section */
		50C6E3401C0AF7C900333F1C /* Karkkainen-Sanders */ = {
			isa = PBXNativeTarget;
			buildConfigurationList = 50C6E3481C0AF7C900333F1C /* Build configuration list for PBXNativeTarget "Karkkainen-Sanders" */;
			buildPhases = (
				50C6E33D1C0AF7C900333F1C /* Sources */,
				50C6E33E1C0AF7C900333F1C /* Frameworks */,
				50C6E33F1C0AF7C900333F1C /* CopyFiles */,
			);
			buildRules = (
			);
			dependencies = (
			);
			name = "Karkkainen-Sanders";
			productName = "Karkkainen-Sanders";
			productReference = 50C6E3411C0AF7C900333F1C /* Karkkainen-Sanders */;
			productType = "com.apple.product-type.tool";
		};
/* End PBXNativeTarget section */

/* Begin PBXProject section */
		50C6E3391C0AF7C900333F1C /* Project object */ = {
			isa = PBXProject;
			attributes = {
				LastUpgradeCheck = 0710;
				ORGANIZATIONNAME = "Maxim Grishkin";
				TargetAttributes = {
					50C6E3401C0AF7C900333F1C = {
						CreatedOnToolsVersion = 7.1.1;
					};
				};
			};
			buildConfigurationList = 50C6E33C1C0AF7C900333F1C /* Build configuration list for PBXProject "Karkkainen-Sanders" */;
			compatibilityVersion = "Xcode 3.2";
			developmentRegion = English;
			hasScannedForEncodings = 0;
			knownRegions = (
				en,
			);
			mainGroup = 50C6E3381C0AF7C900333F1C;
			productRefGroup = 50C6E3421C0AF7C900333F1C /* Products */;
			projectDirPath = "";
			projectRoot = "";
			targets = (
				50C6E3401C0AF7C900333F1C /* Karkkainen-Sanders */,
			);
		};
/* End PBXProject section */

/* Begin PBXSourcesBuildPhase section */
		50C6E33D1C0AF7C900333F1C /* Sources */ = {
			isa = PBXSourcesBuildPhase;
			buildActionMask = 2147483647;
			files = (
				50C6E34F1C0AF9E600333F1C /* README.md in Sources */,
				50C6E3451C0AF7C900333F1C /* main.cpp in Sources */,
			);
			runOnlyForDeploymentPostprocessing = 0;
		};
/* End PBXSourcesBuildPhase section */

/* Begin XCBuildConfiguration section */
		50C6E3461C0AF7C900333F1C /* Debug */ = {
			isa = XCBuildConfiguration;
			buildSettings = {
				ALWAYS_SEARCH_USER_PATHS = NO;
				CLANG_CXX_LANGUAGE_STANDARD = "gnu++0x";
				CLANG_CXX_LIBRARY = "libc++";
				CLANG_ENABLE_MODULES = YES;
				CLANG_ENABLE_OBJC_ARC = YES;
				CLANG_WARN_BOOL_CONVERSION = YES;
				CLANG_WARN_CONSTANT_CONVERSION = YES;
				CLANG_WARN_DIRECT_OBJC_ISA_USAGE = YES_ERROR;
				CLANG_WARN_EMPTY_BODY = YES;
				CLANG_WARN_ENUM_CONVERSION = YES;
				CLANG_WARN_INT_CONVERSION = YES;
				CLANG_WARN_OBJC_ROOT_CLASS = YES_ERROR;
				CLANG_WARN_UNREACHABLE_CODE = YES;
				CLANG_WARN__DUPLICATE_METHOD_MATCH = YES;
				CODE_SIGN_IDENTITY = "-";
				COPY_PHASE_STRIP = NO;
				DEBUG_INFORMATION_FORMAT = dwarf;
				ENABLE_STRICT_OBJC_MSGSEND = YES;
				ENABLE_TESTABILITY = YES;
				GCC_C_LANGUAGE_STANDARD = gnu99;
				GCC_DYNAMIC_NO_PIC = NO;
				GCC_NO_COMMON_BLOCKS = YES;
				GCC_OPTIMIZATION_LEVEL = 0;
				GCC_PREPROCESSOR_DEFINITIONS = (
					"DEBUG=1",
					"$(inherited)",
				);
				GCC_WARN_64_TO_32_BIT_CONVERSION = YES;
				GCC_WARN_ABOUT_RETURN_TYPE = YES_ERROR;
				GCC_WARN_UNDECLARED_SELECTOR = YES;
				GCC_WARN_UNINITIALIZED_AUTOS = YES_AGGRESSIVE;
				GCC_WARN_UNUSED_FUNCTION = YES;
				GCC_WARN_UNUSED_VARIABLE = YES;
				MACOSX_DEPLOYMENT_TARGET = 10.11;
				MTL_ENABLE_DEBUG_INFO = YES;
				ONLY_ACTIVE_ARCH = YES;
				SDKROOT = macosx;
			};
			name = Debug;
		};
		50C6E3471C0AF7C900333F1C /* Release */ = {
			isa = XCBuildConfiguration;
			buildSettings = {
				ALWAYS_SEARCH_USER_PATHS = NO;
				CLANG_CXX_LANGUAGE_STANDARD = "gnu++0x";
				CLANG_CXX_LIBRARY = "libc++";
				CLANG_ENABLE_MODULES = YES;
				CLANG_ENABLE_OBJC_ARC = YES;
				CLANG_WARN_BOOL_CONVERSION = YES;
				CLANG_WARN_CONSTANT_CONVERSION = YES;
				CLANG_WARN_DIRECT_OBJC_ISA_USAGE = YES_ERROR;
				CLANG_WARN_EMPTY_BODY = YES;
				CLANG_WARN_ENUM_CONVERSION = YES;
				CLANG_WARN_INT_CONVERSION = YES;
				CLANG_WARN_OBJC_ROOT_CLASS = YES_ERROR;
				CLANG_WARN_UNREACHABLE_CODE = YES;
				CLANG_WARN__DUPLICATE_METHOD_MATCH = YES;
				CODE_SIGN_IDENTITY = "-";
				COPY_PHASE_STRIP = NO;
				DEBUG_INFORMATION_FORMAT = "dwarf-with-dsym";
				ENABLE_NS_ASSERTIONS = NO;
				ENABLE_STRICT_OBJC_MSGSEND = YES;
				GCC_C_LANGUAGE_STANDARD = gnu99;
				GCC_NO_COMMON_BLOCKS = YES;
				GCC_WARN_64_TO_32_BIT_CONVERSION = YES;
				GCC_WARN_ABOUT_RETURN_TYPE = YES_ERROR;
				GCC_WARN_UNDECLARED_SELECTOR = YES;
				GCC_WARN_UNINITIALIZED_AUTOS = YES_AGGRESSIVE;
				GCC_WARN_UNUSED_FUNCTION = YES;
				GCC_WARN_UNUSED_VARIABLE = YES;
				MACOSX_DEPLOYMENT_TARGET = 10.11;
				MTL_ENABLE_DEBUG_INFO = NO;
				SDKROOT = macosx;
			};
			name = Release;
		};
		50C6E3491C0AF7C900333F1C /* Debug */ = {
			isa = XCBuildConfiguration;
			buildSettings = {
				PRODUCT_NAME = "$(TARGET_NAME)";
			};
			name = Debug;
		};
		50C6E34A1C0AF7C900333F1C /* Release */ = {
			isa = XCBuildConfiguration;
			buildSettings = {
				PRODUCT_NAME = "$(TARGET_NAME)";
			};
			name = Release;
		};
/* End XCBuildConfiguration section */

/* Begin XCConfigurationList section */
		50C6E33C1C0AF7C900333F1C /* Build configuration list for PBXProject "Karkkainen-Sanders" */ = {
			isa = XCConfigurationList;
			buildConfigurations = (
				50C6E3461C0AF7C900333F1C /* Debug */,
				50C6E3471C0AF7C900333F1C /* Release */,
			);
			defaultConfigurationIsVisible = 0;
			defaultConfigurationName = Release;
		};
		50C6E3481C0AF7C900333F1C /* Build configuration list for PBXNativeTarget "Karkkainen-Sanders" */ = {
			isa = XCConfigurationList;
			buildConfigurations = (
				50C6E3491C0AF7C900333F1C /* Debug */,
				50C6E34A1C0AF7C900333F1C /* Release */,
			);
			defaultConfigurationIsVisible = 0;
			defaultConfigurationName = Release;
		};
/* End XCConfigurationList section */
	};
	rootObject = 50C6E3391C0AF7C900333F1C /* Project object */;
}
